// !$*UTF8*$!
{
	archiveVersion = 1;
	classes = {
	};
	objectVersion = 50;
	objects = {

/* Begin PBXBuildFile section */
		D495E48C24BDEA1B00CADE5A /* AppDelegate.swift in Sources */ = {isa = PBXBuildFile; fileRef = D495E48B24BDEA1B00CADE5A /* AppDelegate.swift */; };
		D495E48E24BDEA1B00CADE5A /* SceneDelegate.swift in Sources */ = {isa = PBXBuildFile; fileRef = D495E48D24BDEA1B00CADE5A /* SceneDelegate.swift */; };
		D495E49024BDEA1B00CADE5A /* ContentView.swift in Sources */ = {isa = PBXBuildFile; fileRef = D495E48F24BDEA1B00CADE5A /* ContentView.swift */; };
		D495E49224BDEA1B00CADE5A /* Assets.xcassets in Resources */ = {isa = PBXBuildFile; fileRef = D495E49124BDEA1B00CADE5A /* Assets.xcassets */; };
		D495E49524BDEA1B00CADE5A /* Preview Assets.xcassets in Resources */ = {isa = PBXBuildFile; fileRef = D495E49424BDEA1B00CADE5A /* Preview Assets.xcassets */; };
		D495E49824BDEA1B00CADE5A /* LaunchScreen.storyboard in Resources */ = {isa = PBXBuildFile; fileRef = D495E49624BDEA1B00CADE5A /* LaunchScreen.storyboard */; };
		D495E4A324BDEA1B00CADE5A /* ZProjectTests.swift in Sources */ = {isa = PBXBuildFile; fileRef = D495E4A224BDEA1B00CADE5A /* ZProjectTests.swift */; };
		D495E4AE24BDEA1B00CADE5A /* ZProjectUITests.swift in Sources */ = {isa = PBXBuildFile; fileRef = D495E4AD24BDEA1B00CADE5A /* ZProjectUITests.swift */; };
/* End PBXBuildFile section */

/* Begin PBXContainerItemProxy section */
		D495E49F24BDEA1B00CADE5A /* PBXContainerItemProxy */ = {
			isa = PBXContainerItemProxy;
			containerPortal = D495E48024BDEA1B00CADE5A /* Project object */;
			proxyType = 1;
			remoteGlobalIDString = D495E48724BDEA1B00CADE5A;
			remoteInfo = ZProject;
		};
		D495E4AA24BDEA1B00CADE5A /* PBXContainerItemProxy */ = {
			isa = PBXContainerItemProxy;
			containerPortal = D495E48024BDEA1B00CADE5A /* Project object */;
			proxyType = 1;
			remoteGlobalIDString = D495E48724BDEA1B00CADE5A;
			remoteInfo = ZProject;
		};
/* End PBXContainerItemProxy section */

/* Begin PBXFileReference section */
		D495E48824BDEA1B00CADE5A /* ZProject.app */ = {isa = PBXFileReference; explicitFileType = wrapper.application; includeInIndex = 0; path = ZProject.app; sourceTree = BUILT_PRODUCTS_DIR; };
		D495E48B24BDEA1B00CADE5A /* AppDelegate.swift */ = {isa = PBXFileReference; lastKnownFileType = sourcecode.swift; path = AppDelegate.swift; sourceTree = "<group>"; };
		D495E48D24BDEA1B00CADE5A /* SceneDelegate.swift */ = {isa = PBXFileReference; lastKnownFileType = sourcecode.swift; path = SceneDelegate.swift; sourceTree = "<group>"; };
		D495E48F24BDEA1B00CADE5A /* ContentView.swift */ = {isa = PBXFileReference; lastKnownFileType = sourcecode.swift; path = ContentView.swift; sourceTree = "<group>"; };
		D495E49124BDEA1B00CADE5A /* Assets.xcassets */ = {isa = PBXFileReference; lastKnownFileType = folder.assetcatalog; path = Assets.xcassets; sourceTree = "<group>"; };
		D495E49424BDEA1B00CADE5A /* Preview Assets.xcassets */ = {isa = PBXFileReference; lastKnownFileType = folder.assetcatalog; path = "Preview Assets.xcassets"; sourceTree = "<group>"; };
		D495E49724BDEA1B00CADE5A /* Base */ = {isa = PBXFileReference; lastKnownFileType = file.storyboard; name = Base; path = Base.lproj/LaunchScreen.storyboard; sourceTree = "<group>"; };
		D495E49924BDEA1B00CADE5A /* Info.plist */ = {isa = PBXFileReference; lastKnownFileType = text.plist.xml; path = Info.plist; sourceTree = "<group>"; };
		D495E49E24BDEA1B00CADE5A /* ZProjectTests.xctest */ = {isa = PBXFileReference; explicitFileType = wrapper.cfbundle; includeInIndex = 0; path = ZProjectTests.xctest; sourceTree = BUILT_PRODUCTS_DIR; };
		D495E4A224BDEA1B00CADE5A /* ZProjectTests.swift */ = {isa = PBXFileReference; lastKnownFileType = sourcecode.swift; path = ZProjectTests.swift; sourceTree = "<group>"; };
		D495E4A424BDEA1B00CADE5A /* Info.plist */ = {isa = PBXFileReference; lastKnownFileType = text.plist.xml; path = Info.plist; sourceTree = "<group>"; };
		D495E4A924BDEA1B00CADE5A /* ZProjectUITests.xctest */ = {isa = PBXFileReference; explicitFileType = wrapper.cfbundle; includeInIndex = 0; path = ZProjectUITests.xctest; sourceTree = BUILT_PRODUCTS_DIR; };
		D495E4AD24BDEA1B00CADE5A /* ZProjectUITests.swift */ = {isa = PBXFileReference; lastKnownFileType = sourcecode.swift; path = ZProjectUITests.swift; sourceTree = "<group>"; };
		D495E4AF24BDEA1B00CADE5A /* Info.plist */ = {isa = PBXFileReference; lastKnownFileType = text.plist.xml; path = Info.plist; sourceTree = "<group>"; };
/* End PBXFileReference section */

/* Begin PBXFrameworksBuildPhase section */
		D495E48524BDEA1B00CADE5A /* Frameworks */ = {
			isa = PBXFrameworksBuildPhase;
			buildActionMask = 2147483647;
			files = (
			);
			runOnlyForDeploymentPostprocessing = 0;
		};
		D495E49B24BDEA1B00CADE5A /* Frameworks */ = {
			isa = PBXFrameworksBuildPhase;
			buildActionMask = 2147483647;
			files = (
			);
			runOnlyForDeploymentPostprocessing = 0;
		};
		D495E4A624BDEA1B00CADE5A /* Frameworks */ = {
			isa = PBXFrameworksBuildPhase;
			buildActionMask = 2147483647;
			files = (
			);
			runOnlyForDeploymentPostprocessing = 0;
		};
/* End PBXFrameworksBuildPhase section */

/* Begin PBXGroup section */
		D495E47F24BDEA1B00CADE5A = {
			isa = PBXGroup;
			children = (
				D495E48A24BDEA1B00CADE5A /* ZProject */,
				D495E4A124BDEA1B00CADE5A /* ZProjectTests */,
				D495E4AC24BDEA1B00CADE5A /* ZProjectUITests */,
				D495E48924BDEA1B00CADE5A /* Products */,
			);
			sourceTree = "<group>";
		};
		D495E48924BDEA1B00CADE5A /* Products */ = {
			isa = PBXGroup;
			children = (
				D495E48824BDEA1B00CADE5A /* ZProject.app */,
				D495E49E24BDEA1B00CADE5A /* ZProjectTests.xctest */,
				D495E4A924BDEA1B00CADE5A /* ZProjectUITests.xctest */,
			);
			name = Products;
			sourceTree = "<group>";
		};
		D495E48A24BDEA1B00CADE5A /* ZProject */ = {
			isa = PBXGroup;
			children = (
				D495E48B24BDEA1B00CADE5A /* AppDelegate.swift */,
				D495E48D24BDEA1B00CADE5A /* SceneDelegate.swift */,
				D495E48F24BDEA1B00CADE5A /* ContentView.swift */,
				D495E49124BDEA1B00CADE5A /* Assets.xcassets */,
				D495E49624BDEA1B00CADE5A /* LaunchScreen.storyboard */,
				D495E49924BDEA1B00CADE5A /* Info.plist */,
				D495E49324BDEA1B00CADE5A /* Preview Content */,
			);
			path = ZProject;
			sourceTree = "<group>";
		};
		D495E49324BDEA1B00CADE5A /* Preview Content */ = {
			isa = PBXGroup;
			children = (
				D495E49424BDEA1B00CADE5A /* Preview Assets.xcassets */,
			);
			path = "Preview Content";
			sourceTree = "<group>";
		};
		D495E4A124BDEA1B00CADE5A /* ZProjectTests */ = {
			isa = PBXGroup;
			children = (
				D495E4A224BDEA1B00CADE5A /* ZProjectTests.swift */,
				D495E4A424BDEA1B00CADE5A /* Info.plist */,
			);
			path = ZProjectTests;
			sourceTree = "<group>";
		};
		D495E4AC24BDEA1B00CADE5A /* ZProjectUITests */ = {
			isa = PBXGroup;
			children = (
				D495E4AD24BDEA1B00CADE5A /* ZProjectUITests.swift */,
				D495E4AF24BDEA1B00CADE5A /* Info.plist */,
			);
			path = ZProjectUITests;
			sourceTree = "<group>";
		};
/* End PBXGroup section */

/* Begin PBXNativeTarget section */
		D495E48724BDEA1B00CADE5A /* ZProject */ = {
			isa = PBXNativeTarget;
			buildConfigurationList = D495E4B224BDEA1B00CADE5A /* Build configuration list for PBXNativeTarget "ZProject" */;
			buildPhases = (
				D495E48424BDEA1B00CADE5A /* Sources */,
				D495E48524BDEA1B00CADE5A /* Frameworks */,
				D495E48624BDEA1B00CADE5A /* Resources */,
			);
			buildRules = (
			);
			dependencies = (
			);
			name = ZProject;
			productName = ZProject;
			productReference = D495E48824BDEA1B00CADE5A /* ZProject.app */;
			productType = "com.apple.product-type.application";
		};
		D495E49D24BDEA1B00CADE5A /* ZProjectTests */ = {
			isa = PBXNativeTarget;
			buildConfigurationList = D495E4B524BDEA1B00CADE5A /* Build configuration list for PBXNativeTarget "ZProjectTests" */;
			buildPhases = (
				D495E49A24BDEA1B00CADE5A /* Sources */,
				D495E49B24BDEA1B00CADE5A /* Frameworks */,
				D495E49C24BDEA1B00CADE5A /* Resources */,
			);
			buildRules = (
			);
			dependencies = (
				D495E4A024BDEA1B00CADE5A /* PBXTargetDependency */,
			);
			name = ZProjectTests;
			productName = ZProjectTests;
			productReference = D495E49E24BDEA1B00CADE5A /* ZProjectTests.xctest */;
			productType = "com.apple.product-type.bundle.unit-test";
		};
		D495E4A824BDEA1B00CADE5A /* ZProjectUITests */ = {
			isa = PBXNativeTarget;
			buildConfigurationList = D495E4B824BDEA1B00CADE5A /* Build configuration list for PBXNativeTarget "ZProjectUITests" */;
			buildPhases = (
				D495E4A524BDEA1B00CADE5A /* Sources */,
				D495E4A624BDEA1B00CADE5A /* Frameworks */,
				D495E4A724BDEA1B00CADE5A /* Resources */,
			);
			buildRules = (
			);
			dependencies = (
				D495E4AB24BDEA1B00CADE5A /* PBXTargetDependency */,
			);
			name = ZProjectUITests;
			productName = ZProjectUITests;
			productReference = D495E4A924BDEA1B00CADE5A /* ZProjectUITests.xctest */;
			productType = "com.apple.product-type.bundle.ui-testing";
		};
/* End PBXNativeTarget section */

/* Begin PBXProject section */
		D495E48024BDEA1B00CADE5A /* Project object */ = {
			isa = PBXProject;
			attributes = {
				LastSwiftUpdateCheck = 1150;
				LastUpgradeCheck = 1150;
				ORGANIZATIONNAME = "Kazuki Ishizaka";
				TargetAttributes = {
					D495E48724BDEA1B00CADE5A = {
						CreatedOnToolsVersion = 11.5;
					};
					D495E49D24BDEA1B00CADE5A = {
						CreatedOnToolsVersion = 11.5;
						TestTargetID = D495E48724BDEA1B00CADE5A;
					};
					D495E4A824BDEA1B00CADE5A = {
						CreatedOnToolsVersion = 11.5;
						TestTargetID = D495E48724BDEA1B00CADE5A;
					};
				};
			};
			buildConfigurationList = D495E48324BDEA1B00CADE5A /* Build configuration list for PBXProject "ZProject" */;
			compatibilityVersion = "Xcode 9.3";
			developmentRegion = en;
			hasScannedForEncodings = 0;
			knownRegions = (
				en,
				Base,
			);
			mainGroup = D495E47F24BDEA1B00CADE5A;
			productRefGroup = D495E48924BDEA1B00CADE5A /* Products */;
			projectDirPath = "";
			projectRoot = "";
			targets = (
				D495E48724BDEA1B00CADE5A /* ZProject */,
				D495E49D24BDEA1B00CADE5A /* ZProjectTests */,
				D495E4A824BDEA1B00CADE5A /* ZProjectUITests */,
			);
		};
/* End PBXProject section */

/* Begin PBXResourcesBuildPhase section */
		D495E48624BDEA1B00CADE5A /* Resources */ = {
			isa = PBXResourcesBuildPhase;
			buildActionMask = 2147483647;
			files = (
				D495E49824BDEA1B00CADE5A /* LaunchScreen.storyboard in Resources */,
				D495E49524BDEA1B00CADE5A /* Preview Assets.xcassets in Resources */,
				D495E49224BDEA1B00CADE5A /* Assets.xcassets in Resources */,
			);
			runOnlyForDeploymentPostprocessing = 0;
		};
		D495E49C24BDEA1B00CADE5A /* Resources */ = {
			isa = PBXResourcesBuildPhase;
			buildActionMask = 2147483647;
			files = (
			);
			runOnlyForDeploymentPostprocessing = 0;
		};
		D495E4A724BDEA1B00CADE5A /* Resources */ = {
			isa = PBXResourcesBuildPhase;
			buildActionMask = 2147483647;
			files = (
			);
			runOnlyForDeploymentPostprocessing = 0;
		};
/* End PBXResourcesBuildPhase section */

/* Begin PBXSourcesBuildPhase section */
		D495E48424BDEA1B00CADE5A /* Sources */ = {
			isa = PBXSourcesBuildPhase;
			buildActionMask = 2147483647;
			files = (
				D495E48C24BDEA1B00CADE5A /* AppDelegate.swift in Sources */,
				D495E48E24BDEA1B00CADE5A /* SceneDelegate.swift in Sources */,
				D495E49024BDEA1B00CADE5A /* ContentView.swift in Sources */,
			);
			runOnlyForDeploymentPostprocessing = 0;
		};
		D495E49A24BDEA1B00CADE5A /* Sources */ = {
			isa = PBXSourcesBuildPhase;
			buildActionMask = 2147483647;
			files = (
				D495E4A324BDEA1B00CADE5A /* ZProjectTests.swift in Sources */,
			);
			runOnlyForDeploymentPostprocessing = 0;
		};
		D495E4A524BDEA1B00CADE5A /* Sources */ = {
			isa = PBXSourcesBuildPhase;
			buildActionMask = 2147483647;
			files = (
				D495E4AE24BDEA1B00CADE5A /* ZProjectUITests.swift in Sources */,
			);
			runOnlyForDeploymentPostprocessing = 0;
		};
/* End PBXSourcesBuildPhase section */

/* Begin PBXTargetDependency section */
		D495E4A024BDEA1B00CADE5A /* PBXTargetDependency */ = {
			isa = PBXTargetDependency;
			target = D495E48724BDEA1B00CADE5A /* ZProject */;
			targetProxy = D495E49F24BDEA1B00CADE5A /* PBXContainerItemProxy */;
		};
		D495E4AB24BDEA1B00CADE5A /* PBXTargetDependency */ = {
			isa = PBXTargetDependency;
			target = D495E48724BDEA1B00CADE5A /* ZProject */;
			targetProxy = D495E4AA24BDEA1B00CADE5A /* PBXContainerItemProxy */;
		};
/* End PBXTargetDependency section */

/* Begin PBXVariantGroup section */
		D495E49624BDEA1B00CADE5A /* LaunchScreen.storyboard */ = {
			isa = PBXVariantGroup;
			children = (
				D495E49724BDEA1B00CADE5A /* Base */,
			);
			name = LaunchScreen.storyboard;
			sourceTree = "<group>";
		};
/* End PBXVariantGroup section */

/* Begin XCBuildConfiguration section */
		D495E4B024BDEA1B00CADE5A /* Debug */ = {
			isa = XCBuildConfiguration;
			buildSettings = {
				ALWAYS_SEARCH_USER_PATHS = NO;
				CLANG_ANALYZER_NONNULL = YES;
				CLANG_ANALYZER_NUMBER_OBJECT_CONVERSION = YES_AGGRESSIVE;
				CLANG_CXX_LANGUAGE_STANDARD = "gnu++14";
				CLANG_CXX_LIBRARY = "libc++";
				CLANG_ENABLE_MODULES = YES;
				CLANG_ENABLE_OBJC_ARC = YES;
				CLANG_ENABLE_OBJC_WEAK = YES;
				CLANG_WARN_BLOCK_CAPTURE_AUTORELEASING = YES;
				CLANG_WARN_BOOL_CONVERSION = YES;
				CLANG_WARN_COMMA = YES;
				CLANG_WARN_CONSTANT_CONVERSION = YES;
				CLANG_WARN_DEPRECATED_OBJC_IMPLEMENTATIONS = YES;
				CLANG_WARN_DIRECT_OBJC_ISA_USAGE = YES_ERROR;
				CLANG_WARN_DOCUMENTATION_COMMENTS = YES;
				CLANG_WARN_EMPTY_BODY = YES;
				CLANG_WARN_ENUM_CONVERSION = YES;
				CLANG_WARN_INFINITE_RECURSION = YES;
				CLANG_WARN_INT_CONVERSION = YES;
				CLANG_WARN_NON_LITERAL_NULL_CONVERSION = YES;
				CLANG_WARN_OBJC_IMPLICIT_RETAIN_SELF = YES;
				CLANG_WARN_OBJC_LITERAL_CONVERSION = YES;
				CLANG_WARN_OBJC_ROOT_CLASS = YES_ERROR;
				CLANG_WARN_RANGE_LOOP_ANALYSIS = YES;
				CLANG_WARN_STRICT_PROTOTYPES = YES;
				CLANG_WARN_SUSPICIOUS_MOVE = YES;
				CLANG_WARN_UNGUARDED_AVAILABILITY = YES_AGGRESSIVE;
				CLANG_WARN_UNREACHABLE_CODE = YES;
				CLANG_WARN__DUPLICATE_METHOD_MATCH = YES;
				COPY_PHASE_STRIP = NO;
				DEBUG_INFORMATION_FORMAT = dwarf;
				ENABLE_STRICT_OBJC_MSGSEND = YES;
				ENABLE_TESTABILITY = YES;
				GCC_C_LANGUAGE_STANDARD = gnu11;
				GCC_DYNAMIC_NO_PIC = NO;
				GCC_NO_COMMON_BLOCKS = YES;
				GCC_OPTIMIZATION_LEVEL = 0;
				GCC_PREPROCESSOR_DEFINITIONS = (
					"DEBUG=1",
					"$(inherited)",
				);
				GCC_WARN_64_TO_32_BIT_CONVERSION = YES;
				GCC_WARN_ABOUT_RETURN_TYPE = YES_ERROR;
				GCC_WARN_UNDECLARED_SELECTOR = YES;
				GCC_WARN_UNINITIALIZED_AUTOS = YES_AGGRESSIVE;
				GCC_WARN_UNUSED_FUNCTION = YES;
				GCC_WARN_UNUSED_VARIABLE = YES;
				IPHONEOS_DEPLOYMENT_TARGET = 13.5;
				MTL_ENABLE_DEBUG_INFO = INCLUDE_SOURCE;
				MTL_FAST_MATH = YES;
				ONLY_ACTIVE_ARCH = YES;
				SDKROOT = iphoneos;
				SWIFT_ACTIVE_COMPILATION_CONDITIONS = DEBUG;
				SWIFT_OPTIMIZATION_LEVEL = "-Onone";
			};
			name = Debug;
		};
		D495E4B124BDEA1B00CADE5A /* Release */ = {
			isa = XCBuildConfiguration;
			buildSettings = {
				ALWAYS_SEARCH_USER_PATHS = NO;
				CLANG_ANALYZER_NONNULL = YES;
				CLANG_ANALYZER_NUMBER_OBJECT_CONVERSION = YES_AGGRESSIVE;
				CLANG_CXX_LANGUAGE_STANDARD = "gnu++14";
				CLANG_CXX_LIBRARY = "libc++";
				CLANG_ENABLE_MODULES = YES;
				CLANG_ENABLE_OBJC_ARC = YES;
				CLANG_ENABLE_OBJC_WEAK = YES;
				CLANG_WARN_BLOCK_CAPTURE_AUTORELEASING = YES;
				CLANG_WARN_BOOL_CONVERSION = YES;
				CLANG_WARN_COMMA = YES;
				CLANG_WARN_CONSTANT_CONVERSION = YES;
				CLANG_WARN_DEPRECATED_OBJC_IMPLEMENTATIONS = YES;
				CLANG_WARN_DIRECT_OBJC_ISA_USAGE = YES_ERROR;
				CLANG_WARN_DOCUMENTATION_COMMENTS = YES;
				CLANG_WARN_EMPTY_BODY = YES;
				CLANG_WARN_ENUM_CONVERSION = YES;
				CLANG_WARN_INFINITE_RECURSION = YES;
				CLANG_WARN_INT_CONVERSION = YES;
				CLANG_WARN_NON_LITERAL_NULL_CONVERSION = YES;
				CLANG_WARN_OBJC_IMPLICIT_RETAIN_SELF = YES;
				CLANG_WARN_OBJC_LITERAL_CONVERSION = YES;
				CLANG_WARN_OBJC_ROOT_CLASS = YES_ERROR;
				CLANG_WARN_RANGE_LOOP_ANALYSIS = YES;
				CLANG_WARN_STRICT_PROTOTYPES = YES;
				CLANG_WARN_SUSPICIOUS_MOVE = YES;
				CLANG_WARN_UNGUARDED_AVAILABILITY = YES_AGGRESSIVE;
				CLANG_WARN_UNREACHABLE_CODE = YES;
				CLANG_WARN__DUPLICATE_METHOD_MATCH = YES;
				COPY_PHASE_STRIP = NO;
				DEBUG_INFORMATION_FORMAT = "dwarf-with-dsym";
				ENABLE_NS_ASSERTIONS = NO;
				ENABLE_STRICT_OBJC_MSGSEND = YES;
				GCC_C_LANGUAGE_STANDARD = gnu11;
				GCC_NO_COMMON_BLOCKS = YES;
				GCC_WARN_64_TO_32_BIT_CONVERSION = YES;
				GCC_WARN_ABOUT_RETURN_TYPE = YES_ERROR;
				GCC_WARN_UNDECLARED_SELECTOR = YES;
				GCC_WARN_UNINITIALIZED_AUTOS = YES_AGGRESSIVE;
				GCC_WARN_UNUSED_FUNCTION = YES;
				GCC_WARN_UNUSED_VARIABLE = YES;
				IPHONEOS_DEPLOYMENT_TARGET = 13.5;
				MTL_ENABLE_DEBUG_INFO = NO;
				MTL_FAST_MATH = YES;
				SDKROOT = iphoneos;
				SWIFT_COMPILATION_MODE = wholemodule;
				SWIFT_OPTIMIZATION_LEVEL = "-O";
				VALIDATE_PRODUCT = YES;
			};
			name = Release;
		};
		D495E4B324BDEA1B00CADE5A /* Debug */ = {
			isa = XCBuildConfiguration;
			buildSettings = {
				ASSETCATALOG_COMPILER_APPICON_NAME = AppIcon;
				CODE_SIGN_STYLE = Automatic;
				DEVELOPMENT_ASSET_PATHS = "\"ZProject/Preview Content\"";
				DEVELOPMENT_TEAM = VTF99A7RA3;
				ENABLE_PREVIEWS = YES;
				INFOPLIST_FILE = ZProject/Info.plist;
				LD_RUNPATH_SEARCH_PATHS = (
					"$(inherited)",
					"@executable_path/Frameworks",
				);
				PRODUCT_BUNDLE_IDENTIFIER = Zproject.ZProject;
				PRODUCT_NAME = "$(TARGET_NAME)";
				SWIFT_VERSION = 5.0;
				TARGETED_DEVICE_FAMILY = "1,2";
			};
			name = Debug;
		};
		D495E4B424BDEA1B00CADE5A /* Release */ = {
			isa = XCBuildConfiguration;
			buildSettings = {
				ASSETCATALOG_COMPILER_APPICON_NAME = AppIcon;
				CODE_SIGN_STYLE = Automatic;
				DEVELOPMENT_ASSET_PATHS = "\"ZProject/Preview Content\"";
				DEVELOPMENT_TEAM = VTF99A7RA3;
				ENABLE_PREVIEWS = YES;
				INFOPLIST_FILE = ZProject/Info.plist;
				LD_RUNPATH_SEARCH_PATHS = (
					"$(inherited)",
					"@executable_path/Frameworks",
				);
				PRODUCT_BUNDLE_IDENTIFIER = Zproject.ZProject;
				PRODUCT_NAME = "$(TARGET_NAME)";
				SWIFT_VERSION = 5.0;
				TARGETED_DEVICE_FAMILY = "1,2";
			};
			name = Release;
		};
		D495E4B624BDEA1B00CADE5A /* Debug */ = {
			isa = XCBuildConfiguration;
			buildSettings = {
				ALWAYS_EMBED_SWIFT_STANDARD_LIBRARIES = YES;
				BUNDLE_LOADER = "$(TEST_HOST)";
				CODE_SIGN_STYLE = Automatic;
				DEVELOPMENT_TEAM = VTF99A7RA3;
				INFOPLIST_FILE = ZProjectTests/Info.plist;
				IPHONEOS_DEPLOYMENT_TARGET = 13.5;
				LD_RUNPATH_SEARCH_PATHS = (
					"$(inherited)",
					"@executable_path/Frameworks",
					"@loader_path/Frameworks",
				);
				PRODUCT_BUNDLE_IDENTIFIER = Zproject.ZProjectTests;
				PRODUCT_NAME = "$(TARGET_NAME)";
				SWIFT_VERSION = 5.0;
				TARGETED_DEVICE_FAMILY = "1,2";
				TEST_HOST = "$(BUILT_PRODUCTS_DIR)/ZProject.app/ZProject";
			};
			name = Debug;
		};
		D495E4B724BDEA1B00CADE5A /* Release */ = {
			isa = XCBuildConfiguration;
			buildSettings = {
				ALWAYS_EMBED_SWIFT_STANDARD_LIBRARIES = YES;
				BUNDLE_LOADER = "$(TEST_HOST)";
				CODE_SIGN_STYLE = Automatic;
				DEVELOPMENT_TEAM = VTF99A7RA3;
				INFOPLIST_FILE = ZProjectTests/Info.plist;
				IPHONEOS_DEPLOYMENT_TARGET = 13.5;
				LD_RUNPATH_SEARCH_PATHS = (
					"$(inherited)",
					"@executable_path/Frameworks",
					"@loader_path/Frameworks",
				);
				PRODUCT_BUNDLE_IDENTIFIER = Zproject.ZProjectTests;
				PRODUCT_NAME = "$(TARGET_NAME)";
				SWIFT_VERSION = 5.0;
				TARGETED_DEVICE_FAMILY = "1,2";
				TEST_HOST = "$(BUILT_PRODUCTS_DIR)/ZProject.app/ZProject";
			};
			name = Release;
		};
		D495E4B924BDEA1B00CADE5A /* Debug */ = {
			isa = XCBuildConfiguration;
			buildSettings = {
				ALWAYS_EMBED_SWIFT_STANDARD_LIBRARIES = YES;
				CODE_SIGN_STYLE = Automatic;
				DEVELOPMENT_TEAM = VTF99A7RA3;
				INFOPLIST_FILE = ZProjectUITests/Info.plist;
				LD_RUNPATH_SEARCH_PATHS = (
					"$(inherited)",
					"@executable_path/Frameworks",
					"@loader_path/Frameworks",
				);
				PRODUCT_BUNDLE_IDENTIFIER = Zproject.ZProjectUITests;
				PRODUCT_NAME = "$(TARGET_NAME)";
				SWIFT_VERSION = 5.0;
				TARGETED_DEVICE_FAMILY = "1,2";
				TEST_TARGET_NAME = ZProject;
			};
			name = Debug;
		};
		D495E4BA24BDEA1B00CADE5A /* Release */ = {
			isa = XCBuildConfiguration;
			buildSettings = {
				ALWAYS_EMBED_SWIFT_STANDARD_LIBRARIES = YES;
				CODE_SIGN_STYLE = Automatic;
				DEVELOPMENT_TEAM = VTF99A7RA3;
				INFOPLIST_FILE = ZProjectUITests/Info.plist;
				LD_RUNPATH_SEARCH_PATHS = (
					"$(inherited)",
					"@executable_path/Frameworks",
					"@loader_path/Frameworks",
				);
				PRODUCT_BUNDLE_IDENTIFIER = Zproject.ZProjectUITests;
				PRODUCT_NAME = "$(TARGET_NAME)";
				SWIFT_VERSION = 5.0;
				TARGETED_DEVICE_FAMILY = "1,2";
				TEST_TARGET_NAME = ZProject;
			};
			name = Release;
		};
/* End XCBuildConfiguration section */

/* Begin XCConfigurationList section */
		D495E48324BDEA1B00CADE5A /* Build configuration list for PBXProject "ZProject" */ = {
			isa = XCConfigurationList;
			buildConfigurations = (
				D495E4B024BDEA1B00CADE5A /* Debug */,
				D495E4B124BDEA1B00CADE5A /* Release */,
			);
			defaultConfigurationIsVisible = 0;
			defaultConfigurationName = Release;
		};
		D495E4B224BDEA1B00CADE5A /* Build configuration list for PBXNativeTarget "ZProject" */ = {
			isa = XCConfigurationList;
			buildConfigurations = (
				D495E4B324BDEA1B00CADE5A /* Debug */,
				D495E4B424BDEA1B00CADE5A /* Release */,
			);
			defaultConfigurationIsVisible = 0;
			defaultConfigurationName = Release;
		};
		D495E4B524BDEA1B00CADE5A /* Build configuration list for PBXNativeTarget "ZProjectTests" */ = {
			isa = XCConfigurationList;
			buildConfigurations = (
				D495E4B624BDEA1B00CADE5A /* Debug */,
				D495E4B724BDEA1B00CADE5A /* Release */,
			);
			defaultConfigurationIsVisible = 0;
			defaultConfigurationName = Release;
		};
		D495E4B824BDEA1B00CADE5A /* Build configuration list for PBXNativeTarget "ZProjectUITests" */ = {
			isa = XCConfigurationList;
			buildConfigurations = (
				D495E4B924BDEA1B00CADE5A /* Debug */,
				D495E4BA24BDEA1B00CADE5A /* Release */,
			);
			defaultConfigurationIsVisible = 0;
			defaultConfigurationName = Release;
		};
/* End XCConfigurationList section */
	};
	rootObject = D495E48024BDEA1B00CADE5A /* Project object */;
}
